
Microsoft Visual Studio Solution File, Format Version 12.00
# Visual Studio 15
VisualStudioVersion = 15.0.27703.2000
MinimumVisualStudioVersion = 10.0.40219.1
Project("{FAE04EC0-301F-11D3-BF4B-00C04F79EFBC}") = "ChocolateyApp.WindowsForms", "ChocolateyApp.WindowsForms\ChocolateyApp.WindowsForms.csproj", "{5A9606A7-EF50-421E-85AA-C3F58D538FE1}"
EndProject
Global
	GlobalSection(SolutionConfigurationPlatforms) = preSolution
		Debug|Any CPU = Debug|Any CPU
		Release|Any CPU = Release|Any CPU
	EndGlobalSection
	GlobalSection(ProjectConfigurationPlatforms) = postSolution
		{5A9606A7-EF50-421E-85AA-C3F58D538FE1}.Debug|Any CPU.ActiveCfg = Debug|Any CPU
		{5A9606A7-EF50-421E-85AA-C3F58D538FE1}.Debug|Any CPU.Build.0 = Debug|Any CPU
		{5A9606A7-EF50-421E-85AA-C3F58D538FE1}.Release|Any CPU.ActiveCfg = Release|Any CPU
		{5A9606A7-EF50-421E-85AA-C3F58D538FE1}.Release|Any CPU.Build.0 = Release|Any CPU
	EndGlobalSection
	GlobalSection(SolutionProperties) = preSolution
		HideSolutionNode = FALSE
	EndGlobalSection
	GlobalSection(ExtensibilityGlobals) = postSolution
		SolutionGuid = {2ED2A739-99CB-4644-B031-48B8C8DBB385}
	EndGlobalSection
EndGlobal
